
Microsoft Visual Studio Solution File, Format Version 12.00
# Visual Studio Version 16
VisualStudioVersion = 16.0.30320.27
MinimumVisualStudioVersion = 10.0.40219.1
Project("{FAE04EC0-301F-11D3-BF4B-00C04F79EFBC}") = "digitalcounterfeit.mediaplayer.api", "src\digitalcounterfeit.mediaplayer.api\digitalcounterfeit.mediaplayer.api.csproj", "{9C5A6AFF-DC84-43D4-9217-A29E05012B98}"
EndProject
Global
	GlobalSection(SolutionConfigurationPlatforms) = preSolution
		Debug|Any CPU = Debug|Any CPU
		Release|Any CPU = Release|Any CPU
	EndGlobalSection
	GlobalSection(ProjectConfigurationPlatforms) = postSolution
		{9C5A6AFF-DC84-43D4-9217-A29E05012B98}.Debug|Any CPU.ActiveCfg = Debug|Any CPU
		{9C5A6AFF-DC84-43D4-9217-A29E05012B98}.Debug|Any CPU.Build.0 = Debug|Any CPU
		{9C5A6AFF-DC84-43D4-9217-A29E05012B98}.Release|Any CPU.ActiveCfg = Release|Any CPU
		{9C5A6AFF-DC84-43D4-9217-A29E05012B98}.Release|Any CPU.Build.0 = Release|Any CPU
	EndGlobalSection
	GlobalSection(SolutionProperties) = preSolution
		HideSolutionNode = FALSE
	EndGlobalSection
	GlobalSection(ExtensibilityGlobals) = postSolution
		SolutionGuid = {EBF499F3-FC62-48D4-B947-7AF7A20CF6FC}
	EndGlobalSection
EndGlobal
